PODS:
  - AOAlertController (1.2.1)
  - AsyncSwift (2.0.0)
  - DeviceKit (0.3.5)
  - Dobby (0.7.0)
  - DZNEmptyDataSet (1.8.1)
  - EasyAnimation (1.1.1)
  - FLAnimatedImage (1.0.12)
  - GoogleAnalytics (3.17.0)
  - GPUImage (0.1.7)
  - HanekeSwift (0.10.1)
  - HockeySDK (4.1.2):
    - HockeySDK/DefaultLib (= 4.1.2)
  - HockeySDK/DefaultLib (4.1.2)
  - ImageViewer (4.0)
  - KeychainAccess (3.0.1)
  - Keys (1.0.0)
  - Mockingjay (2.0.0):
    - Mockingjay/Core (= 2.0.0)
    - Mockingjay/XCTest (= 2.0.0)
  - Mockingjay/Core (2.0.0):
    - URITemplate (~> 2.0)
  - Mockingjay/XCTest (2.0.0):
    - Mockingjay/Core
  - Nimble (5.1.1)
  - PromiseKit (4.0.5):
    - PromiseKit/Foundation (= 4.0.5)
    - PromiseKit/QuartzCore (= 4.0.5)
    - PromiseKit/UIKit (= 4.0.5)
  - PromiseKit/CorePromise (4.0.5)
  - PromiseKit/Foundation (4.0.5):
    - PromiseKit/CorePromise
  - PromiseKit/QuartzCore (4.0.5):
    - PromiseKit/CorePromise
  - PromiseKit/UIKit (4.0.5):
    - PromiseKit/CorePromise
  - PureLayout (3.0.2)
  - Quick (0.10.0)
  - SwiftyJSON (3.1.3)
  - SwiftyUserDefaults (3.0.0)
  - TTTAttributedLabel (2.0.0)
  - URITemplate (2.0.0)
  - ZFDragableModalTransition (0.6)

DEPENDENCIES:
  - AOAlertController (from `https://github.com/0legAdamov/AOAlertController`, tag `v1.2.1`)
  - AsyncSwift (~> 2.0)
  - DeviceKit (from `https://github.com/dennisweissmann/DeviceKit.git`, branch `swift-2.3-unsupported`)
  - Dobby (from `https://github.com/trivago/Dobby.git`, tag `0.7.0`)
  - DZNEmptyDataSet (~> 1.7)
  - EasyAnimation (~> 1.1)
  - FLAnimatedImage (~> 1.0)
  - GoogleAnalytics (~> 3.14)
  - GPUImage (~> 0.1)
  - HanekeSwift (from `https://github.com/Haneke/HanekeSwift.git`, branch `feature/swift-3`)
  - HockeySDK (~> 4.1)
  - ImageViewer (from `https://github.com/Siemian/ImageViewer`)
  - KeychainAccess (~> 3.0)
  - Keys (from `Pods/CocoaPodsKeys`)
  - Mockingjay (~> 2.0)
  - Nimble (~> 5.0)
  - PromiseKit (~> 4.0)
  - PureLayout (~> 3.0)
  - Quick (~> 0.10)
  - SwiftyJSON (~> 3.1)
  - SwiftyUserDefaults (~> 3.0)
  - TTTAttributedLabel (~> 2.0)
  - ZFDragableModalTransition (~> 0.6)

EXTERNAL SOURCES:
  AOAlertController:
    :git: https://github.com/0legAdamov/AOAlertController
    :tag: v1.2.1
  DeviceKit:
    :branch: swift-2.3-unsupported
    :git: https://github.com/dennisweissmann/DeviceKit.git
  Dobby:
    :git: https://github.com/trivago/Dobby.git
    :tag: 0.7.0
  HanekeSwift:
    :branch: feature/swift-3
    :git: https://github.com/Haneke/HanekeSwift.git
  ImageViewer:
    :git: https://github.com/Siemian/ImageViewer
  Keys:
    :path: Pods/CocoaPodsKeys

CHECKOUT OPTIONS:
  AOAlertController:
    :git: https://github.com/0legAdamov/AOAlertController
    :tag: v1.2.1
  DeviceKit:
    :commit: ce47728d13129d0a126901a589c12ddfdfcb3d32
    :git: https://github.com/dennisweissmann/DeviceKit.git
  Dobby:
    :git: https://github.com/trivago/Dobby.git
    :tag: 0.7.0
  HanekeSwift:
    :commit: 1157a124ec699f4ad926cb054f1d0bfce88ae7a9
    :git: https://github.com/Haneke/HanekeSwift.git
  ImageViewer:
    :commit: b5e3d0c117a2f242b6b3153438d0ff282a27afb5
    :git: https://github.com/Siemian/ImageViewer

SPEC CHECKSUMS:
  AOAlertController: 937352719e3e9df03f0b6b9903665e1eaa76a558
  AsyncSwift: 6ba6ed9ecb51344458063f7c86fe447ab824e313
  DeviceKit: c6946cf7abb41940214aa4618e6191ff865568c0
  Dobby: efe7dca1c2bca412034dc909d350b2409193bf99
  DZNEmptyDataSet: 9525833b9e68ac21c30253e1d3d7076cc828eaa7
  EasyAnimation: e67601df3eb57e86c570948a250ce162a5665b8a
  FLAnimatedImage: 4a0b56255d9b05f18b6dd7ee06871be5d3b89e31
  GoogleAnalytics: f42cc53a87a51fe94334821868d9c8481ff47a7b
  GPUImage: 733a5f0fab92df9de1c37ba9df520a833ccb406d
  HanekeSwift: 4113367892828e7700d24a384027de6ebc79aad1
  HockeySDK: c7523379550a4305cefc1cdfa7b5f9a5a3538180
  ImageViewer: 364abc0309c33dda86d08ca25b0243e5c67d8cd3
  KeychainAccess: 017ea25e313a49eda10bb19b0bb0760fb1edfe1a
  Keys: 9c35bf00f612ee1d48556f4a4b9b4551e224e90f
  Mockingjay: 7122a3fc0597aa63438e4cd9b71b7bc8aac05b87
  Nimble: 415e3aa3267e7bc2c96b05fa814ddea7bb686a29
  PromiseKit: 593b5e24ded6cbb1ebc708bc2c3428a8a5632d91
  PureLayout: 4d550abe49a94f24c2808b9b95db9131685fe4cd
  Quick: 5d290df1c69d5ee2f0729956dcf0fd9a30447eaa
  SwiftyJSON: 38a8ea2006779c0fc4c310cb2ee8195327740faf
  SwiftyUserDefaults: 0f1d45fc3aafb9064dac661e367f8f83fe21a4b4
  TTTAttributedLabel: 8cffe8e127e4e82ff3af1e5386d4cd0ad000b656
  URITemplate: a5acb3f76c6a2338116fde88b658d83f91bbac45
  ZFDragableModalTransition: 0d294eaaba6edfcb9839595de765f9ca06a4b524

PODFILE CHECKSUM: 384995029d3627c1152a88c3de6ca609b3790658

COCOAPODS: 1.0.0
