PODS:
  - AsyncSwift (1.6.4)
  - Dobby (0.4.2)
  - EasyAnimation (1.0.2)
  - HockeySDK (3.8.5):
    - HockeySDK/AllFeaturesLib (= 3.8.5)
  - HockeySDK/AllFeaturesLib (3.8.5)
  - KeychainAccess (2.3.3)
  - KFSwiftImageLoader (2.0.1)
  - Mockingjay (1.1.1):
    - Mockingjay/Core (= 1.1.1)
    - Mockingjay/XCTest (= 1.1.1)
  - Mockingjay/Core (1.1.1):
    - URITemplate (~> 1.3)
  - Mockingjay/XCTest (1.1.1):
    - Mockingjay/Core
  - Nimble (3.1.0)
  - OMGHTTPURLRQ (3.0.2):
    - OMGHTTPURLRQ/RQ (= 3.0.2)
  - OMGHTTPURLRQ/FormURLEncode (3.0.2)
  - OMGHTTPURLRQ/RQ (3.0.2):
    - OMGHTTPURLRQ/FormURLEncode
    - OMGHTTPURLRQ/UserAgent
  - OMGHTTPURLRQ/UserAgent (3.0.2)
  - PromiseKit (3.0.1):
    - PromiseKit/Foundation (= 3.0.1)
    - PromiseKit/QuartzCore (= 3.0.1)
    - PromiseKit/UIKit (= 3.0.1)
  - PromiseKit/CorePromise (3.0.1)
  - PromiseKit/Foundation (3.0.1):
    - OMGHTTPURLRQ (~> 3.0.0)
    - PromiseKit/CorePromise
  - PromiseKit/QuartzCore (3.0.1):
    - PromiseKit/CorePromise
  - PromiseKit/UIKit (3.0.1):
    - PromiseKit/CorePromise
  - PureLayout (3.0.1)
  - Quick (0.8.0)
  - SwiftyJSON (2.3.2)
  - SwiftyUserDefaults (2.0.0)
  - URITemplate (1.3.0)

DEPENDENCIES:
  - AsyncSwift (~> 1.6)
  - Dobby (~> 0.4.2)
  - EasyAnimation (from `git@github.com:PatrykKaczmarek/EasyAnimation.git`, commit
    `3e97dc7e2f262222e2fd614ff5143d6432f73a7d`)
  - HockeySDK (~> 3.8)
  - KeychainAccess (~> 2.3)
  - KFSwiftImageLoader (~> 2.0.1)
  - Mockingjay (~> 1.1)
  - Nimble (~> 3.1)
  - PromiseKit (~> 3.0)
  - PureLayout (~> 3.0)
  - Quick (~> 0.8)
  - SwiftyJSON (~> 2.3)
  - SwiftyUserDefaults (~> 2.0)

EXTERNAL SOURCES:
  EasyAnimation:
    :commit: 3e97dc7e2f262222e2fd614ff5143d6432f73a7d
    :git: git@github.com:PatrykKaczmarek/EasyAnimation.git

CHECKOUT OPTIONS:
  EasyAnimation:
    :commit: 3e97dc7e2f262222e2fd614ff5143d6432f73a7d
    :git: git@github.com:PatrykKaczmarek/EasyAnimation.git

SPEC CHECKSUMS:
  AsyncSwift: 3c90beed237324f1b57e1f1c414dc5501985d208
  Dobby: 66c6fa06aac194f1b8328b2b4c988d59a01fb5f1
  EasyAnimation: 9615e40f58aa7d8d6a67de66e0edda1903ffa990
  HockeySDK: dd11a2b9da3372fd025643bee5bc10c8c613d169
  KeychainAccess: 9b7e49e48277e329b1b3195e54697ed313d30acf
  KFSwiftImageLoader: a2b8a33a89116c767e7af8d2c109e8c483037b19
  Mockingjay: 757f80abc947b5ec2918b1bb14f3066574720430
  Nimble: 79d40f4d69d47314229bbabacaa02b8838c779b9
  OMGHTTPURLRQ: 8376dc887d76a5a7e2a67881dc788f917a2f437c
  PromiseKit: 19d12914484a15c25a46f72fde38579204a5dac6
  PureLayout: f35f5384c9c4e4479df041dbe33ad7577b71ddfb
  Quick: 563d0f6ec5f72e394645adb377708639b7dd38ab
  SwiftyJSON: 04ccea08915aa0109039157c7974cf0298da292a
  SwiftyUserDefaults: 1266e9734c68bcfbac8294ee84173dc8ba6db312
  URITemplate: 0ebbec80d1eb59a89e29db9b14c99d5908d3e574

COCOAPODS: 0.39.0
