// !$*UTF8*$!
{
	archiveVersion = 1;
	classes = {
	};
	objectVersion = 46;
	objects = {

/* Begin PBXBuildFile section */
		5E10BFC11C23389C009EF53A /* LikeQuery.swift in Sources */ = {isa = PBXBuildFile; fileRef = 5E10BFC01C23389C009EF53A /* LikeQuery.swift */; };
		5E10BFC31C2338A6009EF53A /* UnlikeQuery.swift in Sources */ = {isa = PBXBuildFile; fileRef = 5E10BFC21C2338A6009EF53A /* UnlikeQuery.swift */; };
		5E3A984C1AA73FD500CE2F20 /* LaunchScreen.xib in Resources */ = {isa = PBXBuildFile; fileRef = 5E3A98451AA73FD500CE2F20 /* LaunchScreen.xib */; };
		5E3A984E1AA73FD500CE2F20 /* Images.xcassets in Resources */ = {isa = PBXBuildFile; fileRef = 5E3A98481AA73FD500CE2F20 /* Images.xcassets */; };
		5E4857B81C2805E10027B38A /* Authenticator.swift in Sources */ = {isa = PBXBuildFile; fileRef = 5E4857B51C2805E10027B38A /* Authenticator.swift */; };
		5E4857BA1C2805E10027B38A /* OAuthViewModel.swift in Sources */ = {isa = PBXBuildFile; fileRef = 5E4857B71C2805E10027B38A /* OAuthViewModel.swift */; };
		5E4857BC1C28061F0027B38A /* OAuthView.swift in Sources */ = {isa = PBXBuildFile; fileRef = 5E4857BB1C28061F0027B38A /* OAuthView.swift */; };
		5E4857BE1C280AB40027B38A /* OAuthViewController.swift in Sources */ = {isa = PBXBuildFile; fileRef = 5E4857BD1C280AB40027B38A /* OAuthViewController.swift */; };
		5E4857C21C284AF80027B38A /* AuthenticatorError.swift in Sources */ = {isa = PBXBuildFile; fileRef = 5E4857C11C284AF80027B38A /* AuthenticatorError.swift */; };
		5E498D511C2453E000CFD918 /* OAuthAuthorizable.swift in Sources */ = {isa = PBXBuildFile; fileRef = 5E498D501C2453E000CFD918 /* OAuthAuthorizable.swift */; };
		5E498D531C24649900CFD918 /* UINavigationControllerExtension.swift in Sources */ = {isa = PBXBuildFile; fileRef = 5E498D521C24649900CFD918 /* UINavigationControllerExtension.swift */; };
		5E498D591C25D88800CFD918 /* UserQuery.swift in Sources */ = {isa = PBXBuildFile; fileRef = 5E498D581C25D88800CFD918 /* UserQuery.swift */; };
		5E650B411C21884C00F8A192 /* LoginViewController.swift in Sources */ = {isa = PBXBuildFile; fileRef = 5E650B401C21884C00F8A192 /* LoginViewController.swift */; };
		76E969DD61F6B2F95773D3E0 /* Pods_Tests.framework in Frameworks */ = {isa = PBXBuildFile; fileRef = E863DC0075B8561A39153AA0 /* Pods_Tests.framework */; };
		96B0A12C6682F9B408E5CF68 /* Pods.framework in Frameworks */ = {isa = PBXBuildFile; fileRef = 5E0759062D32339F0F1B138E /* Pods.framework */; };
		BF29C2571B4AA5500053378F /* AppDelegate.swift in Sources */ = {isa = PBXBuildFile; fileRef = BF29C2561B4AA5500053378F /* AppDelegate.swift */; };
		BF69611A1C1B443E000FC5D8 /* NetworkService.swift in Sources */ = {isa = PBXBuildFile; fileRef = BF6961191C1B443E000FC5D8 /* NetworkService.swift */; };
		BF69611C1C1B4551000FC5D8 /* Parameters.swift in Sources */ = {isa = PBXBuildFile; fileRef = BF69611B1C1B4551000FC5D8 /* Parameters.swift */; };
		BF69611E1C1B46BB000FC5D8 /* SecureNetworkService.swift in Sources */ = {isa = PBXBuildFile; fileRef = BF69611D1C1B46BB000FC5D8 /* SecureNetworkService.swift */; };
		BF6961201C1B470B000FC5D8 /* Query.swift in Sources */ = {isa = PBXBuildFile; fileRef = BF69611F1C1B470B000FC5D8 /* Query.swift */; };
		BF6961221C1B4805000FC5D8 /* HeaderAuthorizable.swift in Sources */ = {isa = PBXBuildFile; fileRef = BF6961211C1B4805000FC5D8 /* HeaderAuthorizable.swift */; };
		BF6961241C1B4D9D000FC5D8 /* Requestable.swift in Sources */ = {isa = PBXBuildFile; fileRef = BF6961231C1B4D9D000FC5D8 /* Requestable.swift */; };
		BF6961261C1B57A5000FC5D8 /* NSErrorExtensions.swift in Sources */ = {isa = PBXBuildFile; fileRef = BF6961251C1B57A5000FC5D8 /* NSErrorExtensions.swift */; };
		BF6A6E071C1ED155001EDAB8 /* Listable.swift in Sources */ = {isa = PBXBuildFile; fileRef = BF6A6E061C1ED155001EDAB8 /* Listable.swift */; };
		BF6A6E091C1ED166001EDAB8 /* ListViewModel.swift in Sources */ = {isa = PBXBuildFile; fileRef = BF6A6E081C1ED166001EDAB8 /* ListViewModel.swift */; };
		BF6A6E0B1C1ED16E001EDAB8 /* GroupedListViewModel.swift in Sources */ = {isa = PBXBuildFile; fileRef = BF6A6E0A1C1ED16E001EDAB8 /* GroupedListViewModel.swift */; };
		BF6A6E0E1C1ED1DC001EDAB8 /* GroupItem.swift in Sources */ = {isa = PBXBuildFile; fileRef = BF6A6E0D1C1ED1DC001EDAB8 /* GroupItem.swift */; };
		BF6A6E101C1ED1E9001EDAB8 /* DateItem.swift in Sources */ = {isa = PBXBuildFile; fileRef = BF6A6E0F1C1ED1E9001EDAB8 /* DateItem.swift */; };
		BF6A6E121C1ED1F6001EDAB8 /* SwitchItem.swift in Sources */ = {isa = PBXBuildFile; fileRef = BF6A6E111C1ED1F6001EDAB8 /* SwitchItem.swift */; };
		BF6A6E141C1ED1FD001EDAB8 /* DatePickerItem.swift in Sources */ = {isa = PBXBuildFile; fileRef = BF6A6E131C1ED1FD001EDAB8 /* DatePickerItem.swift */; };
		BF6A6E161C1F0211001EDAB8 /* DribbbleNetworkService.swift in Sources */ = {isa = PBXBuildFile; fileRef = BF6A6E151C1F0211001EDAB8 /* DribbbleNetworkService.swift */; };
		BF6A6E1C1C1F02FA001EDAB8 /* TokenStorage.swift in Sources */ = {isa = PBXBuildFile; fileRef = BF6A6E1B1C1F02FA001EDAB8 /* TokenStorage.swift */; };
		BF6A6E1E1C1F0A7D001EDAB8 /* ShotsQuery.swift in Sources */ = {isa = PBXBuildFile; fileRef = BF6A6E1D1C1F0A7D001EDAB8 /* ShotsQuery.swift */; };
		BF9508521C1F12A300E39242 /* Constants.swift in Sources */ = {isa = PBXBuildFile; fileRef = BF9508511C1F12A300E39242 /* Constants.swift */; };
		BF9508541C1F15A100E39242 /* Request.swift in Sources */ = {isa = PBXBuildFile; fileRef = BF9508531C1F15A100E39242 /* Request.swift */; };
		BF9508561C1F1BD000E39242 /* Shot.swift in Sources */ = {isa = PBXBuildFile; fileRef = BF9508551C1F1BD000E39242 /* Shot.swift */; };
		BF9508581C1F1D8700E39242 /* Mappable.swift in Sources */ = {isa = PBXBuildFile; fileRef = BF9508571C1F1D8700E39242 /* Mappable.swift */; };
		BF95085C1C1F208F00E39242 /* User.swift in Sources */ = {isa = PBXBuildFile; fileRef = BF95085B1C1F208F00E39242 /* User.swift */; };
		BF95085E1C1F263200E39242 /* ShotsQuerySpec.swift in Sources */ = {isa = PBXBuildFile; fileRef = BF95085D1C1F263200E39242 /* ShotsQuerySpec.swift */; };
		BF9508691C1F27F800E39242 /* Formatter.swift in Sources */ = {isa = PBXBuildFile; fileRef = BF95084F1C1F0F7E00E39242 /* Formatter.swift */; };
		BF95086B1C20790200E39242 /* ParametersSpec.swift in Sources */ = {isa = PBXBuildFile; fileRef = BF95086A1C20790200E39242 /* ParametersSpec.swift */; };
		BFB30C0C1C23055500DD22BD /* LikeQuerySpec.swift in Sources */ = {isa = PBXBuildFile; fileRef = BFB30C0B1C23055500DD22BD /* LikeQuerySpec.swift */; };
		BFB30C101C2311DB00DD22BD /* UnlikeQuerySpec.swift in Sources */ = {isa = PBXBuildFile; fileRef = BFB30C0F1C2311DB00DD22BD /* UnlikeQuerySpec.swift */; };
		F04B1FEC1C27E4BE00AEEE25 /* NotificationManager.swift in Sources */ = {isa = PBXBuildFile; fileRef = F04B1FEB1C27E4BE00AEEE25 /* NotificationManager.swift */; };
		F04B1FEE1C282A7300AEEE25 /* SegmentedItem.swift in Sources */ = {isa = PBXBuildFile; fileRef = F04B1FED1C282A7300AEEE25 /* SegmentedItem.swift */; };
		F04B1FF01C282B0700AEEE25 /* SegmentedCell.swift in Sources */ = {isa = PBXBuildFile; fileRef = F04B1FEF1C282B0700AEEE25 /* SegmentedCell.swift */; };
		F0863DBC1C23F20D0062EA21 /* GroupedBaseTableView.swift in Sources */ = {isa = PBXBuildFile; fileRef = F0863DBB1C23F20D0062EA21 /* GroupedBaseTableView.swift */; };
		F0863DBE1C23F2220062EA21 /* UIBaseTableView.swift in Sources */ = {isa = PBXBuildFile; fileRef = F0863DBD1C23F2220062EA21 /* UIBaseTableView.swift */; };
		F0863DC01C23F2360062EA21 /* EventedTableView.swift in Sources */ = {isa = PBXBuildFile; fileRef = F0863DBF1C23F2360062EA21 /* EventedTableView.swift */; };
		F0863DC21C23F3C10062EA21 /* StringConvertible.swift in Sources */ = {isa = PBXBuildFile; fileRef = F0863DC11C23F3C10062EA21 /* StringConvertible.swift */; };
		F0863DC41C23F3DB0062EA21 /* Reusable.swift in Sources */ = {isa = PBXBuildFile; fileRef = F0863DC31C23F3DB0062EA21 /* Reusable.swift */; };
		F0863DC61C23F4740062EA21 /* UITableViewExtension.swift in Sources */ = {isa = PBXBuildFile; fileRef = F0863DC51C23F4740062EA21 /* UITableViewExtension.swift */; };
		F0863DC81C23F6160062EA21 /* ButtonItem.swift in Sources */ = {isa = PBXBuildFile; fileRef = F0863DC71C23F6160062EA21 /* ButtonItem.swift */; };
		F0863DCA1C23FB7C0062EA21 /* ButtonCell.swift in Sources */ = {isa = PBXBuildFile; fileRef = F0863DC91C23FB7C0062EA21 /* ButtonCell.swift */; };
		F0863DCC1C23FB970062EA21 /* SwitchCell.swift in Sources */ = {isa = PBXBuildFile; fileRef = F0863DCB1C23FB970062EA21 /* SwitchCell.swift */; };
		F0863DCE1C23FBEA0062EA21 /* DateCell.swift in Sources */ = {isa = PBXBuildFile; fileRef = F0863DCD1C23FBEA0062EA21 /* DateCell.swift */; };
		F0863DD01C23FC030062EA21 /* DatePickerCell.swift in Sources */ = {isa = PBXBuildFile; fileRef = F0863DCF1C23FC030062EA21 /* DatePickerCell.swift */; };
		F09307C81C240609005F5111 /* SettingsViewController.swift in Sources */ = {isa = PBXBuildFile; fileRef = F09307C71C240609005F5111 /* SettingsViewController.swift */; };
		F09307CA1C240656005F5111 /* SettingsViewModel.swift in Sources */ = {isa = PBXBuildFile; fileRef = F09307C91C240656005F5111 /* SettingsViewModel.swift */; };
		F09307CC1C2407D4005F5111 /* UIViewControllerExtension.swift in Sources */ = {isa = PBXBuildFile; fileRef = F09307CB1C2407D4005F5111 /* UIViewControllerExtension.swift */; };
		F09307CE1C241A92005F5111 /* SettingsTableHeaderView.swift in Sources */ = {isa = PBXBuildFile; fileRef = F09307CD1C241A92005F5111 /* SettingsTableHeaderView.swift */; };
		F09307D21C24208F005F5111 /* AvatarView.swift in Sources */ = {isa = PBXBuildFile; fileRef = F09307D11C24208F005F5111 /* AvatarView.swift */; };
/* End PBXBuildFile section */

/* Begin PBXContainerItemProxy section */
		5E3A983C1AA73A6500CE2F20 /* PBXContainerItemProxy */ = {
			isa = PBXContainerItemProxy;
			containerPortal = 5E3A97E01AA72F0A00CE2F20 /* Project object */;
			proxyType = 1;
			remoteGlobalIDString = 5E3A97E71AA72F0A00CE2F20;
			remoteInfo = Project;
		};
/* End PBXContainerItemProxy section */

/* Begin PBXFileReference section */
		5E0759062D32339F0F1B138E /* Pods.framework */ = {isa = PBXFileReference; explicitFileType = wrapper.framework; includeInIndex = 0; path = Pods.framework; sourceTree = BUILT_PRODUCTS_DIR; };
		5E10BFC01C23389C009EF53A /* LikeQuery.swift */ = {isa = PBXFileReference; fileEncoding = 4; lastKnownFileType = sourcecode.swift; path = LikeQuery.swift; sourceTree = "<group>"; };
		5E10BFC21C2338A6009EF53A /* UnlikeQuery.swift */ = {isa = PBXFileReference; fileEncoding = 4; lastKnownFileType = sourcecode.swift; path = UnlikeQuery.swift; sourceTree = "<group>"; };
		5E147CB41AA8B2D300EDD97C /* Inbbbox-Bridging-Header.h */ = {isa = PBXFileReference; lastKnownFileType = sourcecode.c.h; name = "Inbbbox-Bridging-Header.h"; path = "Supporting Files/Inbbbox-Bridging-Header.h"; sourceTree = "<group>"; };
		5E147CB51AA8B2D300EDD97C /* Inbbbox-Info.plist */ = {isa = PBXFileReference; lastKnownFileType = text.plist.xml; name = "Inbbbox-Info.plist"; path = "Supporting Files/Inbbbox-Info.plist"; sourceTree = "<group>"; };
		5E147CB71AA8B2DC00EDD97C /* Unit-Tests-Bridging-Header.h */ = {isa = PBXFileReference; lastKnownFileType = sourcecode.c.h; name = "Unit-Tests-Bridging-Header.h"; path = "Supporting Files/Unit-Tests-Bridging-Header.h"; sourceTree = SOURCE_ROOT; };
		5E147CB81AA8B2DC00EDD97C /* Unit-Tests-Info.plist */ = {isa = PBXFileReference; lastKnownFileType = text.plist.xml; name = "Unit-Tests-Info.plist"; path = "Supporting Files/Unit-Tests-Info.plist"; sourceTree = SOURCE_ROOT; };
		5E3A97E81AA72F0A00CE2F20 /* Inbbbox.app */ = {isa = PBXFileReference; explicitFileType = wrapper.application; includeInIndex = 0; path = Inbbbox.app; sourceTree = BUILT_PRODUCTS_DIR; };
		5E3A98361AA73A6500CE2F20 /* Unit Tests.xctest */ = {isa = PBXFileReference; explicitFileType = wrapper.cfbundle; includeInIndex = 0; path = "Unit Tests.xctest"; sourceTree = BUILT_PRODUCTS_DIR; };
		5E3A98451AA73FD500CE2F20 /* LaunchScreen.xib */ = {isa = PBXFileReference; fileEncoding = 4; lastKnownFileType = file.xib; path = LaunchScreen.xib; sourceTree = "<group>"; };
		5E3A98481AA73FD500CE2F20 /* Images.xcassets */ = {isa = PBXFileReference; lastKnownFileType = folder.assetcatalog; path = Images.xcassets; sourceTree = "<group>"; };
		5E3A98511AA741FA00CE2F20 /* Development.xcconfig */ = {isa = PBXFileReference; lastKnownFileType = text.xcconfig; name = Development.xcconfig; path = Configuration/Development.xcconfig; sourceTree = "<group>"; };
		5E3A98521AA741FA00CE2F20 /* Production.xcconfig */ = {isa = PBXFileReference; lastKnownFileType = text.xcconfig; name = Production.xcconfig; path = Configuration/Production.xcconfig; sourceTree = "<group>"; };
		5E3A98531AA741FA00CE2F20 /* Staging.xcconfig */ = {isa = PBXFileReference; lastKnownFileType = text.xcconfig; name = Staging.xcconfig; path = Configuration/Staging.xcconfig; sourceTree = "<group>"; };
		5E3A98541AA741FA00CE2F20 /* Test.xcconfig */ = {isa = PBXFileReference; lastKnownFileType = text.xcconfig; name = Test.xcconfig; path = Configuration/Test.xcconfig; sourceTree = "<group>"; };
		5E3A98551AA741FA00CE2F20 /* Tests-Development.xcconfig */ = {isa = PBXFileReference; lastKnownFileType = text.xcconfig; name = "Tests-Development.xcconfig"; path = "Configuration/Tests-Development.xcconfig"; sourceTree = "<group>"; };
		5E3A98561AA741FA00CE2F20 /* Tests-Production.xcconfig */ = {isa = PBXFileReference; lastKnownFileType = text.xcconfig; name = "Tests-Production.xcconfig"; path = "Configuration/Tests-Production.xcconfig"; sourceTree = "<group>"; };
		5E3A98571AA741FA00CE2F20 /* Tests-Staging.xcconfig */ = {isa = PBXFileReference; lastKnownFileType = text.xcconfig; name = "Tests-Staging.xcconfig"; path = "Configuration/Tests-Staging.xcconfig"; sourceTree = "<group>"; };
		5E3A98581AA741FA00CE2F20 /* Tests-Test.xcconfig */ = {isa = PBXFileReference; lastKnownFileType = text.xcconfig; name = "Tests-Test.xcconfig"; path = "Configuration/Tests-Test.xcconfig"; sourceTree = "<group>"; };
		5E4857B51C2805E10027B38A /* Authenticator.swift */ = {isa = PBXFileReference; fileEncoding = 4; lastKnownFileType = sourcecode.swift; path = Authenticator.swift; sourceTree = "<group>"; };
		5E4857B71C2805E10027B38A /* OAuthViewModel.swift */ = {isa = PBXFileReference; fileEncoding = 4; lastKnownFileType = sourcecode.swift; path = OAuthViewModel.swift; sourceTree = "<group>"; };
		5E4857BB1C28061F0027B38A /* OAuthView.swift */ = {isa = PBXFileReference; fileEncoding = 4; lastKnownFileType = sourcecode.swift; path = OAuthView.swift; sourceTree = "<group>"; };
		5E4857BD1C280AB40027B38A /* OAuthViewController.swift */ = {isa = PBXFileReference; fileEncoding = 4; lastKnownFileType = sourcecode.swift; path = OAuthViewController.swift; sourceTree = "<group>"; };
		5E4857C11C284AF80027B38A /* AuthenticatorError.swift */ = {isa = PBXFileReference; fileEncoding = 4; lastKnownFileType = sourcecode.swift; path = AuthenticatorError.swift; sourceTree = "<group>"; };
		5E498D501C2453E000CFD918 /* OAuthAuthorizable.swift */ = {isa = PBXFileReference; fileEncoding = 4; lastKnownFileType = sourcecode.swift; path = OAuthAuthorizable.swift; sourceTree = "<group>"; };
		5E498D521C24649900CFD918 /* UINavigationControllerExtension.swift */ = {isa = PBXFileReference; fileEncoding = 4; lastKnownFileType = sourcecode.swift; path = UINavigationControllerExtension.swift; sourceTree = "<group>"; };
		5E498D581C25D88800CFD918 /* UserQuery.swift */ = {isa = PBXFileReference; fileEncoding = 4; lastKnownFileType = sourcecode.swift; path = UserQuery.swift; sourceTree = "<group>"; };
		5E650B401C21884C00F8A192 /* LoginViewController.swift */ = {isa = PBXFileReference; fileEncoding = 4; lastKnownFileType = sourcecode.swift; path = LoginViewController.swift; sourceTree = "<group>"; };
		BF29C2561B4AA5500053378F /* AppDelegate.swift */ = {isa = PBXFileReference; fileEncoding = 4; lastKnownFileType = sourcecode.swift; path = AppDelegate.swift; sourceTree = "<group>"; };
		BF6961191C1B443E000FC5D8 /* NetworkService.swift */ = {isa = PBXFileReference; fileEncoding = 4; lastKnownFileType = sourcecode.swift; path = NetworkService.swift; sourceTree = "<group>"; };
		BF69611B1C1B4551000FC5D8 /* Parameters.swift */ = {isa = PBXFileReference; fileEncoding = 4; lastKnownFileType = sourcecode.swift; path = Parameters.swift; sourceTree = "<group>"; };
		BF69611D1C1B46BB000FC5D8 /* SecureNetworkService.swift */ = {isa = PBXFileReference; fileEncoding = 4; lastKnownFileType = sourcecode.swift; path = SecureNetworkService.swift; sourceTree = "<group>"; };
		BF69611F1C1B470B000FC5D8 /* Query.swift */ = {isa = PBXFileReference; fileEncoding = 4; lastKnownFileType = sourcecode.swift; path = Query.swift; sourceTree = "<group>"; };
		BF6961211C1B4805000FC5D8 /* HeaderAuthorizable.swift */ = {isa = PBXFileReference; fileEncoding = 4; lastKnownFileType = sourcecode.swift; path = HeaderAuthorizable.swift; sourceTree = "<group>"; };
		BF6961231C1B4D9D000FC5D8 /* Requestable.swift */ = {isa = PBXFileReference; fileEncoding = 4; lastKnownFileType = sourcecode.swift; path = Requestable.swift; sourceTree = "<group>"; };
		BF6961251C1B57A5000FC5D8 /* NSErrorExtensions.swift */ = {isa = PBXFileReference; fileEncoding = 4; lastKnownFileType = sourcecode.swift; path = NSErrorExtensions.swift; sourceTree = "<group>"; };
		BF6A6E061C1ED155001EDAB8 /* Listable.swift */ = {isa = PBXFileReference; fileEncoding = 4; lastKnownFileType = sourcecode.swift; path = Listable.swift; sourceTree = "<group>"; };
		BF6A6E081C1ED166001EDAB8 /* ListViewModel.swift */ = {isa = PBXFileReference; fileEncoding = 4; lastKnownFileType = sourcecode.swift; path = ListViewModel.swift; sourceTree = "<group>"; };
		BF6A6E0A1C1ED16E001EDAB8 /* GroupedListViewModel.swift */ = {isa = PBXFileReference; fileEncoding = 4; lastKnownFileType = sourcecode.swift; path = GroupedListViewModel.swift; sourceTree = "<group>"; };
		BF6A6E0D1C1ED1DC001EDAB8 /* GroupItem.swift */ = {isa = PBXFileReference; fileEncoding = 4; lastKnownFileType = sourcecode.swift; path = GroupItem.swift; sourceTree = "<group>"; };
		BF6A6E0F1C1ED1E9001EDAB8 /* DateItem.swift */ = {isa = PBXFileReference; fileEncoding = 4; lastKnownFileType = sourcecode.swift; path = DateItem.swift; sourceTree = "<group>"; };
		BF6A6E111C1ED1F6001EDAB8 /* SwitchItem.swift */ = {isa = PBXFileReference; fileEncoding = 4; lastKnownFileType = sourcecode.swift; path = SwitchItem.swift; sourceTree = "<group>"; };
		BF6A6E131C1ED1FD001EDAB8 /* DatePickerItem.swift */ = {isa = PBXFileReference; fileEncoding = 4; lastKnownFileType = sourcecode.swift; path = DatePickerItem.swift; sourceTree = "<group>"; };
		BF6A6E151C1F0211001EDAB8 /* DribbbleNetworkService.swift */ = {isa = PBXFileReference; fileEncoding = 4; lastKnownFileType = sourcecode.swift; path = DribbbleNetworkService.swift; sourceTree = "<group>"; };
		BF6A6E1B1C1F02FA001EDAB8 /* TokenStorage.swift */ = {isa = PBXFileReference; fileEncoding = 4; lastKnownFileType = sourcecode.swift; path = TokenStorage.swift; sourceTree = "<group>"; };
		BF6A6E1D1C1F0A7D001EDAB8 /* ShotsQuery.swift */ = {isa = PBXFileReference; fileEncoding = 4; lastKnownFileType = sourcecode.swift; path = ShotsQuery.swift; sourceTree = "<group>"; };
		BF95084F1C1F0F7E00E39242 /* Formatter.swift */ = {isa = PBXFileReference; fileEncoding = 4; lastKnownFileType = sourcecode.swift; path = Formatter.swift; sourceTree = "<group>"; };
		BF9508511C1F12A300E39242 /* Constants.swift */ = {isa = PBXFileReference; fileEncoding = 4; lastKnownFileType = sourcecode.swift; path = Constants.swift; sourceTree = "<group>"; };
		BF9508531C1F15A100E39242 /* Request.swift */ = {isa = PBXFileReference; fileEncoding = 4; lastKnownFileType = sourcecode.swift; path = Request.swift; sourceTree = "<group>"; };
		BF9508551C1F1BD000E39242 /* Shot.swift */ = {isa = PBXFileReference; fileEncoding = 4; lastKnownFileType = sourcecode.swift; path = Shot.swift; sourceTree = "<group>"; };
		BF9508571C1F1D8700E39242 /* Mappable.swift */ = {isa = PBXFileReference; fileEncoding = 4; lastKnownFileType = sourcecode.swift; path = Mappable.swift; sourceTree = "<group>"; };
		BF95085B1C1F208F00E39242 /* User.swift */ = {isa = PBXFileReference; fileEncoding = 4; lastKnownFileType = sourcecode.swift; path = User.swift; sourceTree = "<group>"; };
		BF95085D1C1F263200E39242 /* ShotsQuerySpec.swift */ = {isa = PBXFileReference; fileEncoding = 4; lastKnownFileType = sourcecode.swift; path = ShotsQuerySpec.swift; sourceTree = "<group>"; };
		BF95086A1C20790200E39242 /* ParametersSpec.swift */ = {isa = PBXFileReference; fileEncoding = 4; lastKnownFileType = sourcecode.swift; path = ParametersSpec.swift; sourceTree = "<group>"; };
		BFB30C0B1C23055500DD22BD /* LikeQuerySpec.swift */ = {isa = PBXFileReference; fileEncoding = 4; lastKnownFileType = sourcecode.swift; path = LikeQuerySpec.swift; sourceTree = "<group>"; };
		BFB30C0F1C2311DB00DD22BD /* UnlikeQuerySpec.swift */ = {isa = PBXFileReference; fileEncoding = 4; lastKnownFileType = sourcecode.swift; path = UnlikeQuerySpec.swift; sourceTree = "<group>"; };
		E863DC0075B8561A39153AA0 /* Pods_Tests.framework */ = {isa = PBXFileReference; explicitFileType = wrapper.framework; includeInIndex = 0; path = Pods_Tests.framework; sourceTree = BUILT_PRODUCTS_DIR; };
		F04B1FEB1C27E4BE00AEEE25 /* NotificationManager.swift */ = {isa = PBXFileReference; fileEncoding = 4; lastKnownFileType = sourcecode.swift; path = NotificationManager.swift; sourceTree = "<group>"; };
		F04B1FED1C282A7300AEEE25 /* SegmentedItem.swift */ = {isa = PBXFileReference; fileEncoding = 4; lastKnownFileType = sourcecode.swift; path = SegmentedItem.swift; sourceTree = "<group>"; };
		F04B1FEF1C282B0700AEEE25 /* SegmentedCell.swift */ = {isa = PBXFileReference; fileEncoding = 4; lastKnownFileType = sourcecode.swift; name = SegmentedCell.swift; path = Views/SegmentedCell.swift; sourceTree = "<group>"; };
		F0863DBB1C23F20D0062EA21 /* GroupedBaseTableView.swift */ = {isa = PBXFileReference; fileEncoding = 4; lastKnownFileType = sourcecode.swift; name = GroupedBaseTableView.swift; path = Views/GroupedBaseTableView.swift; sourceTree = "<group>"; };
		F0863DBD1C23F2220062EA21 /* UIBaseTableView.swift */ = {isa = PBXFileReference; fileEncoding = 4; lastKnownFileType = sourcecode.swift; name = UIBaseTableView.swift; path = Views/UIBaseTableView.swift; sourceTree = "<group>"; };
		F0863DBF1C23F2360062EA21 /* EventedTableView.swift */ = {isa = PBXFileReference; fileEncoding = 4; lastKnownFileType = sourcecode.swift; name = EventedTableView.swift; path = Views/EventedTableView.swift; sourceTree = "<group>"; };
		F0863DC11C23F3C10062EA21 /* StringConvertible.swift */ = {isa = PBXFileReference; fileEncoding = 4; lastKnownFileType = sourcecode.swift; path = StringConvertible.swift; sourceTree = "<group>"; };
		F0863DC31C23F3DB0062EA21 /* Reusable.swift */ = {isa = PBXFileReference; fileEncoding = 4; lastKnownFileType = sourcecode.swift; path = Reusable.swift; sourceTree = "<group>"; };
		F0863DC51C23F4740062EA21 /* UITableViewExtension.swift */ = {isa = PBXFileReference; fileEncoding = 4; lastKnownFileType = sourcecode.swift; path = UITableViewExtension.swift; sourceTree = "<group>"; };
		F0863DC71C23F6160062EA21 /* ButtonItem.swift */ = {isa = PBXFileReference; fileEncoding = 4; lastKnownFileType = sourcecode.swift; path = ButtonItem.swift; sourceTree = "<group>"; };
		F0863DC91C23FB7C0062EA21 /* ButtonCell.swift */ = {isa = PBXFileReference; fileEncoding = 4; lastKnownFileType = sourcecode.swift; name = ButtonCell.swift; path = Views/ButtonCell.swift; sourceTree = "<group>"; };
		F0863DCB1C23FB970062EA21 /* SwitchCell.swift */ = {isa = PBXFileReference; fileEncoding = 4; lastKnownFileType = sourcecode.swift; name = SwitchCell.swift; path = Views/SwitchCell.swift; sourceTree = "<group>"; };
		F0863DCD1C23FBEA0062EA21 /* DateCell.swift */ = {isa = PBXFileReference; fileEncoding = 4; lastKnownFileType = sourcecode.swift; name = DateCell.swift; path = Views/DateCell.swift; sourceTree = "<group>"; };
		F0863DCF1C23FC030062EA21 /* DatePickerCell.swift */ = {isa = PBXFileReference; fileEncoding = 4; lastKnownFileType = sourcecode.swift; name = DatePickerCell.swift; path = Views/DatePickerCell.swift; sourceTree = "<group>"; };
		F09307C71C240609005F5111 /* SettingsViewController.swift */ = {isa = PBXFileReference; fileEncoding = 4; lastKnownFileType = sourcecode.swift; path = SettingsViewController.swift; sourceTree = "<group>"; };
		F09307C91C240656005F5111 /* SettingsViewModel.swift */ = {isa = PBXFileReference; fileEncoding = 4; lastKnownFileType = sourcecode.swift; path = SettingsViewModel.swift; sourceTree = "<group>"; };
		F09307CB1C2407D4005F5111 /* UIViewControllerExtension.swift */ = {isa = PBXFileReference; fileEncoding = 4; lastKnownFileType = sourcecode.swift; path = UIViewControllerExtension.swift; sourceTree = "<group>"; };
		F09307CD1C241A92005F5111 /* SettingsTableHeaderView.swift */ = {isa = PBXFileReference; fileEncoding = 4; lastKnownFileType = sourcecode.swift; name = SettingsTableHeaderView.swift; path = Views/SettingsTableHeaderView.swift; sourceTree = "<group>"; };
		F09307D11C24208F005F5111 /* AvatarView.swift */ = {isa = PBXFileReference; fileEncoding = 4; lastKnownFileType = sourcecode.swift; name = AvatarView.swift; path = Views/AvatarView.swift; sourceTree = "<group>"; };
/* End PBXFileReference section */

/* Begin PBXFrameworksBuildPhase section */
		5E3A97E51AA72F0A00CE2F20 /* Frameworks */ = {
			isa = PBXFrameworksBuildPhase;
			buildActionMask = 2147483647;
			files = (
				96B0A12C6682F9B408E5CF68 /* Pods.framework in Frameworks */,
			);
			runOnlyForDeploymentPostprocessing = 0;
		};
		5E3A98331AA73A6500CE2F20 /* Frameworks */ = {
			isa = PBXFrameworksBuildPhase;
			buildActionMask = 2147483647;
			files = (
				76E969DD61F6B2F95773D3E0 /* Pods_Tests.framework in Frameworks */,
			);
			runOnlyForDeploymentPostprocessing = 0;
		};
/* End PBXFrameworksBuildPhase section */

/* Begin PBXGroup section */
		005A401FFFA8DAC0C198A001 /* Pods */ = {
			isa = PBXGroup;
			children = (
			);
			name = Pods;
			sourceTree = "<group>";
		};
		303C9EE60D55FE95B1E4648B /* Frameworks */ = {
			isa = PBXGroup;
			children = (
				5E0759062D32339F0F1B138E /* Pods.framework */,
				E863DC0075B8561A39153AA0 /* Pods_Tests.framework */,
			);
			name = Frameworks;
			sourceTree = "<group>";
		};
		5E147CBC1AA8B54100EDD97C /* Helper */ = {
			isa = PBXGroup;
			children = (
			);
			name = Helper;
			sourceTree = "<group>";
		};
		5E2070111C27FABB00A4B57F /* Managers */ = {
			isa = PBXGroup;
			children = (
				5E4857B41C2805E10027B38A /* Authentication */,
			);
			path = Managers;
			sourceTree = "<group>";
		};
		5E3A97DF1AA72F0A00CE2F20 = {
			isa = PBXGroup;
			children = (
				5E3A97EA1AA72F0A00CE2F20 /* Inbbbox */,
				5E3A98371AA73A6500CE2F20 /* Unit Tests */,
				5E3A980F1AA72F7C00CE2F20 /* Supporting Files */,
				5E3A98101AA72F8B00CE2F20 /* Configuraton */,
				5E3A97E91AA72F0A00CE2F20 /* Products */,
				005A401FFFA8DAC0C198A001 /* Pods */,
				303C9EE60D55FE95B1E4648B /* Frameworks */,
			);
			sourceTree = "<group>";
		};
		5E3A97E91AA72F0A00CE2F20 /* Products */ = {
			isa = PBXGroup;
			children = (
				5E3A97E81AA72F0A00CE2F20 /* Inbbbox.app */,
				5E3A98361AA73A6500CE2F20 /* Unit Tests.xctest */,
			);
			name = Products;
			sourceTree = "<group>";
		};
		5E3A97EA1AA72F0A00CE2F20 /* Inbbbox */ = {
			isa = PBXGroup;
			children = (
				5E3A98491AA73FD500CE2F20 /* Source Files */,
				5E3A98441AA73FD500CE2F20 /* Interfaces */,
				5E3A98471AA73FD500CE2F20 /* Resources */,
			);
			path = Inbbbox;
			sourceTree = "<group>";
		};
		5E3A980F1AA72F7C00CE2F20 /* Supporting Files */ = {
			isa = PBXGroup;
			children = (
				5E3A98111AA72FAC00CE2F20 /* Inbbbox */,
				5E3A98121AA72FB200CE2F20 /* Unit Tests */,
			);
			name = "Supporting Files";
			sourceTree = "<group>";
		};
		5E3A98101AA72F8B00CE2F20 /* Configuraton */ = {
			isa = PBXGroup;
			children = (
				5E3A98511AA741FA00CE2F20 /* Development.xcconfig */,
				5E3A98521AA741FA00CE2F20 /* Production.xcconfig */,
				5E3A98531AA741FA00CE2F20 /* Staging.xcconfig */,
				5E3A98541AA741FA00CE2F20 /* Test.xcconfig */,
				5E3A98551AA741FA00CE2F20 /* Tests-Development.xcconfig */,
				5E3A98561AA741FA00CE2F20 /* Tests-Production.xcconfig */,
				5E3A98571AA741FA00CE2F20 /* Tests-Staging.xcconfig */,
				5E3A98581AA741FA00CE2F20 /* Tests-Test.xcconfig */,
			);
			name = Configuraton;
			sourceTree = "<group>";
		};
		5E3A98111AA72FAC00CE2F20 /* Inbbbox */ = {
			isa = PBXGroup;
			children = (
				5E147CB41AA8B2D300EDD97C /* Inbbbox-Bridging-Header.h */,
				5E147CB51AA8B2D300EDD97C /* Inbbbox-Info.plist */,
			);
			name = Inbbbox;
			sourceTree = "<group>";
		};
		5E3A98121AA72FB200CE2F20 /* Unit Tests */ = {
			isa = PBXGroup;
			children = (
				5E147CB71AA8B2DC00EDD97C /* Unit-Tests-Bridging-Header.h */,
				5E147CB81AA8B2DC00EDD97C /* Unit-Tests-Info.plist */,
			);
			name = "Unit Tests";
			sourceTree = "<group>";
		};
		5E3A98371AA73A6500CE2F20 /* Unit Tests */ = {
			isa = PBXGroup;
			children = (
				5E147CBC1AA8B54100EDD97C /* Helper */,
				BFB30C0B1C23055500DD22BD /* LikeQuerySpec.swift */,
				BF95086A1C20790200E39242 /* ParametersSpec.swift */,
				BF95085D1C1F263200E39242 /* ShotsQuerySpec.swift */,
				BFB30C0F1C2311DB00DD22BD /* UnlikeQuerySpec.swift */,
			);
			path = "Unit Tests";
			sourceTree = "<group>";
		};
		5E3A98441AA73FD500CE2F20 /* Interfaces */ = {
			isa = PBXGroup;
			children = (
				5E3A98451AA73FD500CE2F20 /* LaunchScreen.xib */,
			);
			path = Interfaces;
			sourceTree = "<group>";
		};
		5E3A98471AA73FD500CE2F20 /* Resources */ = {
			isa = PBXGroup;
			children = (
				5E3A98481AA73FD500CE2F20 /* Images.xcassets */,
			);
			path = Resources;
			sourceTree = "<group>";
		};
		5E3A98491AA73FD500CE2F20 /* Source Files */ = {
			isa = PBXGroup;
			children = (
				BF29C2561B4AA5500053378F /* AppDelegate.swift */,
				BF9508511C1F12A300E39242 /* Constants.swift */,
				F04B1FEA1C27E46000AEEE25 /* Managers */,
				5E51B79B1AA9C3540018EDA9 /* Custom Views */,
				BF47EE2B1B4BBAF8002822D7 /* Extensions */,
				5E2070111C27FABB00A4B57F /* Managers */,
				5E51B7981AA9C3280018EDA9 /* Model */,
				BF6961181C1B421F000FC5D8 /* Networking */,
				BF95084E1C1F0F7400E39242 /* Helpers */,
				BF47EE2C1B4BBAFF002822D7 /* Protocols */,
				BF6A6E1A1C1F02FA001EDAB8 /* Storages */,
				5E51B7991AA9C3310018EDA9 /* ViewControllers */,
				BF6A6E051C1ED147001EDAB8 /* ViewModels */,
			);
			path = "Source Files";
			sourceTree = "<group>";
		};
		5E4857B41C2805E10027B38A /* Authentication */ = {
			isa = PBXGroup;
			children = (
				5E4857B51C2805E10027B38A /* Authenticator.swift */,
				5E4857C11C284AF80027B38A /* AuthenticatorError.swift */,
				5E4857BD1C280AB40027B38A /* OAuthViewController.swift */,
				5E4857B71C2805E10027B38A /* OAuthViewModel.swift */,
				5E4857BB1C28061F0027B38A /* OAuthView.swift */,
			);
			path = Authentication;
			sourceTree = "<group>";
		};
		5E498D461C24468200CFD918 /* Queries */ = {
			isa = PBXGroup;
			children = (
				5E10BFC01C23389C009EF53A /* LikeQuery.swift */,
				BF6A6E1D1C1F0A7D001EDAB8 /* ShotsQuery.swift */,
				5E10BFC21C2338A6009EF53A /* UnlikeQuery.swift */,
				5E498D581C25D88800CFD918 /* UserQuery.swift */,
			);
			name = Queries;
			sourceTree = "<group>";
		};
		5E51B7981AA9C3280018EDA9 /* Model */ = {
			isa = PBXGroup;
			children = (
				BF9508571C1F1D8700E39242 /* Mappable.swift */,
				BF9508551C1F1BD000E39242 /* Shot.swift */,
				BF95085B1C1F208F00E39242 /* User.swift */,
			);
			path = Model;
			sourceTree = "<group>";
		};
		5E51B7991AA9C3310018EDA9 /* ViewControllers */ = {
			isa = PBXGroup;
			children = (
				5E650B401C21884C00F8A192 /* LoginViewController.swift */,
				F09307C71C240609005F5111 /* SettingsViewController.swift */,
			);
			path = ViewControllers;
			sourceTree = "<group>";
		};
		5E51B79B1AA9C3540018EDA9 /* Custom Views */ = {
			isa = PBXGroup;
			children = (
				F0863DBB1C23F20D0062EA21 /* GroupedBaseTableView.swift */,
				F0863DBD1C23F2220062EA21 /* UIBaseTableView.swift */,
				F0863DBF1C23F2360062EA21 /* EventedTableView.swift */,
				F0863DC91C23FB7C0062EA21 /* ButtonCell.swift */,
				F0863DCB1C23FB970062EA21 /* SwitchCell.swift */,
				F0863DCD1C23FBEA0062EA21 /* DateCell.swift */,
				F0863DCF1C23FC030062EA21 /* DatePickerCell.swift */,
				F09307CD1C241A92005F5111 /* SettingsTableHeaderView.swift */,
				F09307D11C24208F005F5111 /* AvatarView.swift */,
				F04B1FEF1C282B0700AEEE25 /* SegmentedCell.swift */,
			);
			name = "Custom Views";
			sourceTree = "<group>";
		};
		BF47EE2B1B4BBAF8002822D7 /* Extensions */ = {
			isa = PBXGroup;
			children = (
				BF6961251C1B57A5000FC5D8 /* NSErrorExtensions.swift */,
				F0863DC51C23F4740062EA21 /* UITableViewExtension.swift */,
				F09307CB1C2407D4005F5111 /* UIViewControllerExtension.swift */,
				5E498D521C24649900CFD918 /* UINavigationControllerExtension.swift */,
			);
			path = Extensions;
			sourceTree = "<group>";
		};
		BF47EE2C1B4BBAFF002822D7 /* Protocols */ = {
			isa = PBXGroup;
			children = (
				F0863DC11C23F3C10062EA21 /* StringConvertible.swift */,
				F0863DC31C23F3DB0062EA21 /* Reusable.swift */,
			);
			path = Protocols;
			sourceTree = "<group>";
		};
		BF6961181C1B421F000FC5D8 /* Networking */ = {
			isa = PBXGroup;
			children = (
				BF6A6E151C1F0211001EDAB8 /* DribbbleNetworkService.swift */,
				BF6961211C1B4805000FC5D8 /* HeaderAuthorizable.swift */,
				BF6961191C1B443E000FC5D8 /* NetworkService.swift */,
				BF69611B1C1B4551000FC5D8 /* Parameters.swift */,
				BF69611F1C1B470B000FC5D8 /* Query.swift */,
				BF9508531C1F15A100E39242 /* Request.swift */,
				BF6961231C1B4D9D000FC5D8 /* Requestable.swift */,
				BF69611D1C1B46BB000FC5D8 /* SecureNetworkService.swift */,
				5E498D501C2453E000CFD918 /* OAuthAuthorizable.swift */,
				5E498D461C24468200CFD918 /* Queries */,
			);
			path = Networking;
			sourceTree = "<group>";
		};
		BF6A6E051C1ED147001EDAB8 /* ViewModels */ = {
			isa = PBXGroup;
			children = (
				BF6A6E0C1C1ED1D1001EDAB8 /* Items */,
				BF6A6E061C1ED155001EDAB8 /* Listable.swift */,
				BF6A6E081C1ED166001EDAB8 /* ListViewModel.swift */,
				BF6A6E0A1C1ED16E001EDAB8 /* GroupedListViewModel.swift */,
				F09307C91C240656005F5111 /* SettingsViewModel.swift */,
			);
			path = ViewModels;
			sourceTree = "<group>";
		};
		BF6A6E0C1C1ED1D1001EDAB8 /* Items */ = {
			isa = PBXGroup;
			children = (
				BF6A6E0D1C1ED1DC001EDAB8 /* GroupItem.swift */,
				BF6A6E0F1C1ED1E9001EDAB8 /* DateItem.swift */,
				BF6A6E111C1ED1F6001EDAB8 /* SwitchItem.swift */,
				BF6A6E131C1ED1FD001EDAB8 /* DatePickerItem.swift */,
				F0863DC71C23F6160062EA21 /* ButtonItem.swift */,
				F04B1FED1C282A7300AEEE25 /* SegmentedItem.swift */,
			);
			name = Items;
			sourceTree = "<group>";
		};
		BF6A6E1A1C1F02FA001EDAB8 /* Storages */ = {
			isa = PBXGroup;
			children = (
				BF6A6E1B1C1F02FA001EDAB8 /* TokenStorage.swift */,
			);
			path = Storages;
			sourceTree = "<group>";
		};
		BF95084E1C1F0F7400E39242 /* Helpers */ = {
			isa = PBXGroup;
			children = (
				BF95084F1C1F0F7E00E39242 /* Formatter.swift */,
			);
			path = Helpers;
			sourceTree = "<group>";
		};
		F04B1FEA1C27E46000AEEE25 /* Managers */ = {
			isa = PBXGroup;
			children = (
				F04B1FEB1C27E4BE00AEEE25 /* NotificationManager.swift */,
			);
			path = Managers;
			sourceTree = "<group>";
		};
/* End PBXGroup section */

/* Begin PBXNativeTarget section */
		5E3A97E71AA72F0A00CE2F20 /* Inbbbox */ = {
			isa = PBXNativeTarget;
			buildConfigurationList = 5E3A98071AA72F0A00CE2F20 /* Build configuration list for PBXNativeTarget "Inbbbox" */;
			buildPhases = (
				B2751B7E0D423C87A390F7D6 /* Check Pods Manifest.lock */,
				5E3A97E41AA72F0A00CE2F20 /* Sources */,
				5E3A97E51AA72F0A00CE2F20 /* Frameworks */,
				5E3A97E61AA72F0A00CE2F20 /* Resources */,
				167F8D30F1ADCADD56793386 /* Embed Pods Frameworks */,
				05CBF50C3479CFCF14DDF382 /* Copy Pods Resources */,
				5E6ED5931ACC37C8001CC9AB /* Search for warning flags */,
			);
			buildRules = (
			);
			dependencies = (
			);
			name = Inbbbox;
			productName = Project;
			productReference = 5E3A97E81AA72F0A00CE2F20 /* Inbbbox.app */;
			productType = "com.apple.product-type.application";
		};
		5E3A98351AA73A6500CE2F20 /* Unit Tests */ = {
			isa = PBXNativeTarget;
			buildConfigurationList = 5E3A983E1AA73A6600CE2F20 /* Build configuration list for PBXNativeTarget "Unit Tests" */;
			buildPhases = (
				DB2CD4A7D828A3565F10558B /* Check Pods Manifest.lock */,
				5E3A98321AA73A6500CE2F20 /* Sources */,
				5E3A98331AA73A6500CE2F20 /* Frameworks */,
				5E3A98341AA73A6500CE2F20 /* Resources */,
				C0B534AC4C2BACD556147321 /* Embed Pods Frameworks */,
				B2D11170745CB94B307401F6 /* Copy Pods Resources */,
			);
			buildRules = (
			);
			dependencies = (
				5E3A983D1AA73A6500CE2F20 /* PBXTargetDependency */,
			);
			name = "Unit Tests";
			productName = "Unit Tests";
			productReference = 5E3A98361AA73A6500CE2F20 /* Unit Tests.xctest */;
			productType = "com.apple.product-type.bundle.unit-test";
		};
/* End PBXNativeTarget section */

/* Begin PBXProject section */
		5E3A97E01AA72F0A00CE2F20 /* Project object */ = {
			isa = PBXProject;
			attributes = {
				LastSwiftUpdateCheck = 0700;
				LastUpgradeCheck = 0710;
				ORGANIZATIONNAME = "Netguru Sp. z o.o.";
				TargetAttributes = {
					5E3A97E71AA72F0A00CE2F20 = {
						CreatedOnToolsVersion = 6.1.1;
						DevelopmentTeam = 9HJ69C5G9K;
					};
					5E3A98351AA73A6500CE2F20 = {
						CreatedOnToolsVersion = 6.1.1;
						TestTargetID = 5E3A97E71AA72F0A00CE2F20;
					};
				};
			};
			buildConfigurationList = 5E3A97E31AA72F0A00CE2F20 /* Build configuration list for PBXProject "Inbbbox" */;
			compatibilityVersion = "Xcode 3.2";
			developmentRegion = English;
			hasScannedForEncodings = 0;
			knownRegions = (
				en,
				Base,
			);
			mainGroup = 5E3A97DF1AA72F0A00CE2F20;
			productRefGroup = 5E3A97E91AA72F0A00CE2F20 /* Products */;
			projectDirPath = "";
			projectRoot = "";
			targets = (
				5E3A97E71AA72F0A00CE2F20 /* Inbbbox */,
				5E3A98351AA73A6500CE2F20 /* Unit Tests */,
			);
		};
/* End PBXProject section */

/* Begin PBXResourcesBuildPhase section */
		5E3A97E61AA72F0A00CE2F20 /* Resources */ = {
			isa = PBXResourcesBuildPhase;
			buildActionMask = 2147483647;
			files = (
				5E3A984E1AA73FD500CE2F20 /* Images.xcassets in Resources */,
				5E3A984C1AA73FD500CE2F20 /* LaunchScreen.xib in Resources */,
			);
			runOnlyForDeploymentPostprocessing = 0;
		};
		5E3A98341AA73A6500CE2F20 /* Resources */ = {
			isa = PBXResourcesBuildPhase;
			buildActionMask = 2147483647;
			files = (
			);
			runOnlyForDeploymentPostprocessing = 0;
		};
/* End PBXResourcesBuildPhase section */

/* Begin PBXShellScriptBuildPhase section */
		05CBF50C3479CFCF14DDF382 /* Copy Pods Resources */ = {
			isa = PBXShellScriptBuildPhase;
			buildActionMask = 2147483647;
			files = (
			);
			inputPaths = (
			);
			name = "Copy Pods Resources";
			outputPaths = (
			);
			runOnlyForDeploymentPostprocessing = 0;
			shellPath = /bin/sh;
			shellScript = "\"${SRCROOT}/Pods/Target Support Files/Pods/Pods-resources.sh\"\n";
			showEnvVarsInLog = 0;
		};
		167F8D30F1ADCADD56793386 /* Embed Pods Frameworks */ = {
			isa = PBXShellScriptBuildPhase;
			buildActionMask = 2147483647;
			files = (
			);
			inputPaths = (
			);
			name = "Embed Pods Frameworks";
			outputPaths = (
			);
			runOnlyForDeploymentPostprocessing = 0;
			shellPath = /bin/sh;
			shellScript = "\"${SRCROOT}/Pods/Target Support Files/Pods/Pods-frameworks.sh\"\n";
			showEnvVarsInLog = 0;
		};
		5E6ED5931ACC37C8001CC9AB /* Search for warning flags */ = {
			isa = PBXShellScriptBuildPhase;
			buildActionMask = 2147483647;
			files = (
			);
			inputPaths = (
			);
			name = "Search for warning flags";
			outputPaths = (
			);
			runOnlyForDeploymentPostprocessing = 0;
			shellPath = /bin/sh;
			shellScript = "if [ \"${CONFIGURATION}\" = \"Development\" ]; then\nTAGS=\"NGRTodo:|NGRFixme:|NGRHack:|NGRTemp:\"\necho \"searching ${SRCROOT} for ${TAGS}\"\nfind \"${SRCROOT}\" \\( -name \"*.swift\" \\) -print0 | xargs -0 egrep --with-filename --line-number --only-matching \"($TAGS).*\\$\" | perl -p -e \"s/($TAGS)/ warning: \\$1/\"\nfi";
		};
		B2751B7E0D423C87A390F7D6 /* Check Pods Manifest.lock */ = {
			isa = PBXShellScriptBuildPhase;
			buildActionMask = 2147483647;
			files = (
			);
			inputPaths = (
			);
			name = "Check Pods Manifest.lock";
			outputPaths = (
			);
			runOnlyForDeploymentPostprocessing = 0;
			shellPath = /bin/sh;
			shellScript = "diff \"${PODS_ROOT}/../Podfile.lock\" \"${PODS_ROOT}/Manifest.lock\" > /dev/null\nif [[ $? != 0 ]] ; then\n    cat << EOM\nerror: The sandbox is not in sync with the Podfile.lock. Run 'pod install' or update your CocoaPods installation.\nEOM\n    exit 1\nfi\n";
			showEnvVarsInLog = 0;
		};
		B2D11170745CB94B307401F6 /* Copy Pods Resources */ = {
			isa = PBXShellScriptBuildPhase;
			buildActionMask = 2147483647;
			files = (
			);
			inputPaths = (
			);
			name = "Copy Pods Resources";
			outputPaths = (
			);
			runOnlyForDeploymentPostprocessing = 0;
			shellPath = /bin/sh;
			shellScript = "\"${SRCROOT}/Pods/Target Support Files/Pods-Tests/Pods-Tests-resources.sh\"\n";
			showEnvVarsInLog = 0;
		};
		C0B534AC4C2BACD556147321 /* Embed Pods Frameworks */ = {
			isa = PBXShellScriptBuildPhase;
			buildActionMask = 2147483647;
			files = (
			);
			inputPaths = (
			);
			name = "Embed Pods Frameworks";
			outputPaths = (
			);
			runOnlyForDeploymentPostprocessing = 0;
			shellPath = /bin/sh;
			shellScript = "\"${SRCROOT}/Pods/Target Support Files/Pods-Tests/Pods-Tests-frameworks.sh\"\n";
			showEnvVarsInLog = 0;
		};
		DB2CD4A7D828A3565F10558B /* Check Pods Manifest.lock */ = {
			isa = PBXShellScriptBuildPhase;
			buildActionMask = 2147483647;
			files = (
			);
			inputPaths = (
			);
			name = "Check Pods Manifest.lock";
			outputPaths = (
			);
			runOnlyForDeploymentPostprocessing = 0;
			shellPath = /bin/sh;
			shellScript = "diff \"${PODS_ROOT}/../Podfile.lock\" \"${PODS_ROOT}/Manifest.lock\" > /dev/null\nif [[ $? != 0 ]] ; then\n    cat << EOM\nerror: The sandbox is not in sync with the Podfile.lock. Run 'pod install' or update your CocoaPods installation.\nEOM\n    exit 1\nfi\n";
			showEnvVarsInLog = 0;
		};
/* End PBXShellScriptBuildPhase section */

/* Begin PBXSourcesBuildPhase section */
		5E3A97E41AA72F0A00CE2F20 /* Sources */ = {
			isa = PBXSourcesBuildPhase;
			buildActionMask = 2147483647;
			files = (
				5E10BFC31C2338A6009EF53A /* UnlikeQuery.swift in Sources */,
				BF6A6E101C1ED1E9001EDAB8 /* DateItem.swift in Sources */,
				BF6A6E1E1C1F0A7D001EDAB8 /* ShotsQuery.swift in Sources */,
				BF95085C1C1F208F00E39242 /* User.swift in Sources */,
				F09307CC1C2407D4005F5111 /* UIViewControllerExtension.swift in Sources */,
				BF29C2571B4AA5500053378F /* AppDelegate.swift in Sources */,
				BF6A6E071C1ED155001EDAB8 /* Listable.swift in Sources */,
				BF6961241C1B4D9D000FC5D8 /* Requestable.swift in Sources */,
				BF69611A1C1B443E000FC5D8 /* NetworkService.swift in Sources */,
				BF6961221C1B4805000FC5D8 /* HeaderAuthorizable.swift in Sources */,
				F0863DBC1C23F20D0062EA21 /* GroupedBaseTableView.swift in Sources */,
				BF9508561C1F1BD000E39242 /* Shot.swift in Sources */,
				F0863DCE1C23FBEA0062EA21 /* DateCell.swift in Sources */,
				BF6A6E121C1ED1F6001EDAB8 /* SwitchItem.swift in Sources */,
				F09307D21C24208F005F5111 /* AvatarView.swift in Sources */,
				F0863DC81C23F6160062EA21 /* ButtonItem.swift in Sources */,
				F0863DCA1C23FB7C0062EA21 /* ButtonCell.swift in Sources */,
				F04B1FF01C282B0700AEEE25 /* SegmentedCell.swift in Sources */,
				F09307CA1C240656005F5111 /* SettingsViewModel.swift in Sources */,
				BF6A6E1C1C1F02FA001EDAB8 /* TokenStorage.swift in Sources */,
				5E4857C21C284AF80027B38A /* AuthenticatorError.swift in Sources */,
				F0863DC01C23F2360062EA21 /* EventedTableView.swift in Sources */,
				BF6A6E0E1C1ED1DC001EDAB8 /* GroupItem.swift in Sources */,
				5E498D511C2453E000CFD918 /* OAuthAuthorizable.swift in Sources */,
				BF9508521C1F12A300E39242 /* Constants.swift in Sources */,
				F09307CE1C241A92005F5111 /* SettingsTableHeaderView.swift in Sources */,
				BF69611E1C1B46BB000FC5D8 /* SecureNetworkService.swift in Sources */,
				BF6A6E141C1ED1FD001EDAB8 /* DatePickerItem.swift in Sources */,
				BF9508541C1F15A100E39242 /* Request.swift in Sources */,
				F04B1FEC1C27E4BE00AEEE25 /* NotificationManager.swift in Sources */,
				BF9508691C1F27F800E39242 /* Formatter.swift in Sources */,
				F09307C81C240609005F5111 /* SettingsViewController.swift in Sources */,
				F0863DC21C23F3C10062EA21 /* StringConvertible.swift in Sources */,
				F04B1FEE1C282A7300AEEE25 /* SegmentedItem.swift in Sources */,
				BF6A6E161C1F0211001EDAB8 /* DribbbleNetworkService.swift in Sources */,
				F0863DD01C23FC030062EA21 /* DatePickerCell.swift in Sources */,
				5E498D531C24649900CFD918 /* UINavigationControllerExtension.swift in Sources */,
				BF6961201C1B470B000FC5D8 /* Query.swift in Sources */,
				BF9508581C1F1D8700E39242 /* Mappable.swift in Sources */,
				5E10BFC11C23389C009EF53A /* LikeQuery.swift in Sources */,
				5E4857BE1C280AB40027B38A /* OAuthViewController.swift in Sources */,
				BF6961261C1B57A5000FC5D8 /* NSErrorExtensions.swift in Sources */,
				5E4857BC1C28061F0027B38A /* OAuthView.swift in Sources */,
				F0863DBE1C23F2220062EA21 /* UIBaseTableView.swift in Sources */,
				5E4857BA1C2805E10027B38A /* OAuthViewModel.swift in Sources */,
				F0863DCC1C23FB970062EA21 /* SwitchCell.swift in Sources */,
				F0863DC61C23F4740062EA21 /* UITableViewExtension.swift in Sources */,
				5E4857B81C2805E10027B38A /* Authenticator.swift in Sources */,
				BF69611C1C1B4551000FC5D8 /* Parameters.swift in Sources */,
				F0863DC41C23F3DB0062EA21 /* Reusable.swift in Sources */,
				BF6A6E091C1ED166001EDAB8 /* ListViewModel.swift in Sources */,
				5E650B411C21884C00F8A192 /* LoginViewController.swift in Sources */,
				BF6A6E0B1C1ED16E001EDAB8 /* GroupedListViewModel.swift in Sources */,
				5E498D591C25D88800CFD918 /* UserQuery.swift in Sources */,
			);
			runOnlyForDeploymentPostprocessing = 0;
		};
		5E3A98321AA73A6500CE2F20 /* Sources */ = {
			isa = PBXSourcesBuildPhase;
			buildActionMask = 2147483647;
			files = (
				BF95085E1C1F263200E39242 /* ShotsQuerySpec.swift in Sources */,
				BFB30C101C2311DB00DD22BD /* UnlikeQuerySpec.swift in Sources */,
				BFB30C0C1C23055500DD22BD /* LikeQuerySpec.swift in Sources */,
				BF95086B1C20790200E39242 /* ParametersSpec.swift in Sources */,
			);
			runOnlyForDeploymentPostprocessing = 0;
		};
/* End PBXSourcesBuildPhase section */

/* Begin PBXTargetDependency section */
		5E3A983D1AA73A6500CE2F20 /* PBXTargetDependency */ = {
			isa = PBXTargetDependency;
			target = 5E3A97E71AA72F0A00CE2F20 /* Inbbbox */;
			targetProxy = 5E3A983C1AA73A6500CE2F20 /* PBXContainerItemProxy */;
		};
/* End PBXTargetDependency section */

/* Begin XCBuildConfiguration section */
		5E3A98051AA72F0A00CE2F20 /* Test */ = {
			isa = XCBuildConfiguration;
			buildSettings = {
				ALWAYS_SEARCH_USER_PATHS = NO;
				CLANG_CXX_LANGUAGE_STANDARD = "gnu++0x";
				CLANG_CXX_LIBRARY = "libc++";
				CLANG_ENABLE_MODULES = YES;
				CLANG_ENABLE_OBJC_ARC = YES;
				CLANG_WARN_BOOL_CONVERSION = YES;
				CLANG_WARN_CONSTANT_CONVERSION = YES;
				CLANG_WARN_DIRECT_OBJC_ISA_USAGE = YES_ERROR;
				CLANG_WARN_EMPTY_BODY = YES;
				CLANG_WARN_ENUM_CONVERSION = YES;
				CLANG_WARN_INT_CONVERSION = YES;
				CLANG_WARN_OBJC_ROOT_CLASS = YES_ERROR;
				CLANG_WARN_UNREACHABLE_CODE = YES;
				CLANG_WARN__DUPLICATE_METHOD_MATCH = YES;
				CODE_SIGN_IDENTITY = "iPhone Developer";
				"CODE_SIGN_IDENTITY[sdk=iphoneos*]" = "iPhone Developer";
				COPY_PHASE_STRIP = NO;
				ENABLE_STRICT_OBJC_MSGSEND = YES;
				ENABLE_TESTABILITY = YES;
				GCC_C_LANGUAGE_STANDARD = gnu99;
				GCC_DYNAMIC_NO_PIC = NO;
				GCC_OPTIMIZATION_LEVEL = 0;
				GCC_PREPROCESSOR_DEFINITIONS = (
					"DEBUG=1",
					"$(inherited)",
				);
				GCC_SYMBOLS_PRIVATE_EXTERN = NO;
				GCC_WARN_64_TO_32_BIT_CONVERSION = YES;
				GCC_WARN_ABOUT_RETURN_TYPE = YES_ERROR;
				GCC_WARN_UNDECLARED_SELECTOR = YES;
				GCC_WARN_UNINITIALIZED_AUTOS = YES_AGGRESSIVE;
				GCC_WARN_UNUSED_FUNCTION = YES;
				GCC_WARN_UNUSED_VARIABLE = YES;
				IPHONEOS_DEPLOYMENT_TARGET = 8.0;
				MTL_ENABLE_DEBUG_INFO = YES;
				ONLY_ACTIVE_ARCH = YES;
				SDKROOT = iphoneos;
				SWIFT_OPTIMIZATION_LEVEL = "-Onone";
			};
			name = Test;
		};
		5E3A98061AA72F0A00CE2F20 /* Staging */ = {
			isa = XCBuildConfiguration;
			buildSettings = {
				ALWAYS_SEARCH_USER_PATHS = NO;
				CLANG_CXX_LANGUAGE_STANDARD = "gnu++0x";
				CLANG_CXX_LIBRARY = "libc++";
				CLANG_ENABLE_MODULES = YES;
				CLANG_ENABLE_OBJC_ARC = YES;
				CLANG_WARN_BOOL_CONVERSION = YES;
				CLANG_WARN_CONSTANT_CONVERSION = YES;
				CLANG_WARN_DIRECT_OBJC_ISA_USAGE = YES_ERROR;
				CLANG_WARN_EMPTY_BODY = YES;
				CLANG_WARN_ENUM_CONVERSION = YES;
				CLANG_WARN_INT_CONVERSION = YES;
				CLANG_WARN_OBJC_ROOT_CLASS = YES_ERROR;
				CLANG_WARN_UNREACHABLE_CODE = YES;
				CLANG_WARN__DUPLICATE_METHOD_MATCH = YES;
				CODE_SIGN_IDENTITY = "iPhone Distribution";
				"CODE_SIGN_IDENTITY[sdk=iphoneos*]" = "iPhone Distribution";
				COPY_PHASE_STRIP = YES;
				ENABLE_NS_ASSERTIONS = NO;
				ENABLE_STRICT_OBJC_MSGSEND = YES;
				GCC_C_LANGUAGE_STANDARD = gnu99;
				GCC_WARN_64_TO_32_BIT_CONVERSION = YES;
				GCC_WARN_ABOUT_RETURN_TYPE = YES_ERROR;
				GCC_WARN_UNDECLARED_SELECTOR = YES;
				GCC_WARN_UNINITIALIZED_AUTOS = YES_AGGRESSIVE;
				GCC_WARN_UNUSED_FUNCTION = YES;
				GCC_WARN_UNUSED_VARIABLE = YES;
				IPHONEOS_DEPLOYMENT_TARGET = 8.0;
				MTL_ENABLE_DEBUG_INFO = NO;
				SDKROOT = iphoneos;
				VALIDATE_PRODUCT = YES;
			};
			name = Staging;
		};
		5E3A98081AA72F0A00CE2F20 /* Test */ = {
			isa = XCBuildConfiguration;
			baseConfigurationReference = 5E3A98541AA741FA00CE2F20 /* Test.xcconfig */;
			buildSettings = {
				ASSETCATALOG_COMPILER_APPICON_NAME = AppIcon;
				CLANG_ENABLE_MODULES = YES;
				CODE_SIGN_IDENTITY = "iPhone Developer";
				CODE_SIGN_RESOURCE_RULES_PATH = "$(SDKROOT)/ResourceRules.plist";
				DEFINES_MODULE = NO;
				ENABLE_TESTABILITY = YES;
				FRAMEWORK_SEARCH_PATHS = "$(inherited)";
				INFOPLIST_FILE = "Supporting Files/Inbbbox-Info.plist";
				IPHONEOS_DEPLOYMENT_TARGET = 8.0;
				LD_RUNPATH_SEARCH_PATHS = "$(inherited) @executable_path/Frameworks";
				PRODUCT_BUNDLE_IDENTIFIER = co.netguru.inbbbox;
				PRODUCT_NAME = Inbbbox;
				SWIFT_OBJC_BRIDGING_HEADER = "Supporting Files/Inbbbox-Bridging-Header.h";
				SWIFT_OPTIMIZATION_LEVEL = "-Onone";
				TARGETED_DEVICE_FAMILY = 1;
			};
			name = Test;
		};
		5E3A98091AA72F0A00CE2F20 /* Staging */ = {
			isa = XCBuildConfiguration;
			baseConfigurationReference = 5E3A98531AA741FA00CE2F20 /* Staging.xcconfig */;
			buildSettings = {
				ASSETCATALOG_COMPILER_APPICON_NAME = AppIcon;
				CLANG_ENABLE_MODULES = YES;
				CODE_SIGN_IDENTITY = "iPhone Developer";
				CODE_SIGN_RESOURCE_RULES_PATH = "$(SDKROOT)/ResourceRules.plist";
				DEFINES_MODULE = NO;
				FRAMEWORK_SEARCH_PATHS = "$(inherited)";
				INFOPLIST_FILE = "Supporting Files/Inbbbox-Info.plist";
				IPHONEOS_DEPLOYMENT_TARGET = 8.0;
				LD_RUNPATH_SEARCH_PATHS = "$(inherited) @executable_path/Frameworks";
				PRODUCT_BUNDLE_IDENTIFIER = co.netguru.inbbbox;
				PRODUCT_NAME = Inbbbox;
				SWIFT_OBJC_BRIDGING_HEADER = "Supporting Files/Inbbbox-Bridging-Header.h";
				TARGETED_DEVICE_FAMILY = 1;
			};
			name = Staging;
		};
		5E3A983F1AA73A6600CE2F20 /* Test */ = {
			isa = XCBuildConfiguration;
			baseConfigurationReference = 5E3A98581AA741FA00CE2F20 /* Tests-Test.xcconfig */;
			buildSettings = {
				BUNDLE_LOADER = "$(TEST_HOST)";
				CLANG_ENABLE_MODULES = YES;
				CODE_SIGN_RESOURCE_RULES_PATH = "";
				DEFINES_MODULE = NO;
				FRAMEWORK_SEARCH_PATHS = "$(inherited)";
				GCC_PREPROCESSOR_DEFINITIONS = (
					"DEBUG=1",
					"$(inherited)",
				);
				INFOPLIST_FILE = "Supporting Files/Unit-Tests-Info.plist";
				LD_RUNPATH_SEARCH_PATHS = "$(inherited) @executable_path/Frameworks @loader_path/Frameworks";
				PRODUCT_BUNDLE_IDENTIFIER = co.netguru.inbbbox.tests.unit;
				PRODUCT_NAME = "$(TARGET_NAME)";
				SWIFT_OBJC_BRIDGING_HEADER = "Supporting Files/Unit-Tests-Bridging-Header.h";
				SWIFT_OPTIMIZATION_LEVEL = "-Onone";
				TEST_HOST = "$(BUILT_PRODUCTS_DIR)/Inbbbox.app/Inbbbox";
			};
			name = Test;
		};
		5E3A98401AA73A6600CE2F20 /* Staging */ = {
			isa = XCBuildConfiguration;
			baseConfigurationReference = 5E3A98571AA741FA00CE2F20 /* Tests-Staging.xcconfig */;
			buildSettings = {
				BUNDLE_LOADER = "$(TEST_HOST)";
				CLANG_ENABLE_MODULES = YES;
				CODE_SIGN_RESOURCE_RULES_PATH = "";
				DEFINES_MODULE = NO;
				FRAMEWORK_SEARCH_PATHS = "$(inherited)";
				INFOPLIST_FILE = "Supporting Files/Unit-Tests-Info.plist";
				LD_RUNPATH_SEARCH_PATHS = "$(inherited) @executable_path/Frameworks @loader_path/Frameworks";
				PRODUCT_BUNDLE_IDENTIFIER = co.netguru.inbbbox.tests.unit;
				PRODUCT_NAME = "$(TARGET_NAME)";
				SWIFT_OBJC_BRIDGING_HEADER = "Supporting Files/Unit-Tests-Bridging-Header.h";
				TEST_HOST = "$(BUILT_PRODUCTS_DIR)/Inbbbox.app/Inbbbox";
			};
			name = Staging;
		};
		5E3A98611AA7425C00CE2F20 /* Development */ = {
			isa = XCBuildConfiguration;
			buildSettings = {
				ALWAYS_SEARCH_USER_PATHS = NO;
				CLANG_CXX_LANGUAGE_STANDARD = "gnu++0x";
				CLANG_CXX_LIBRARY = "libc++";
				CLANG_ENABLE_MODULES = YES;
				CLANG_ENABLE_OBJC_ARC = YES;
				CLANG_WARN_BOOL_CONVERSION = YES;
				CLANG_WARN_CONSTANT_CONVERSION = YES;
				CLANG_WARN_DIRECT_OBJC_ISA_USAGE = YES_ERROR;
				CLANG_WARN_EMPTY_BODY = YES;
				CLANG_WARN_ENUM_CONVERSION = YES;
				CLANG_WARN_INT_CONVERSION = YES;
				CLANG_WARN_OBJC_ROOT_CLASS = YES_ERROR;
				CLANG_WARN_UNREACHABLE_CODE = YES;
				CLANG_WARN__DUPLICATE_METHOD_MATCH = YES;
				CODE_SIGN_IDENTITY = "iPhone Developer";
				"CODE_SIGN_IDENTITY[sdk=iphoneos*]" = "iPhone Developer";
				COPY_PHASE_STRIP = NO;
				ENABLE_STRICT_OBJC_MSGSEND = YES;
				ENABLE_TESTABILITY = YES;
				GCC_C_LANGUAGE_STANDARD = gnu99;
				GCC_DYNAMIC_NO_PIC = NO;
				GCC_OPTIMIZATION_LEVEL = 0;
				GCC_PREPROCESSOR_DEFINITIONS = (
					"DEBUG=1",
					"$(inherited)",
				);
				GCC_SYMBOLS_PRIVATE_EXTERN = NO;
				GCC_WARN_64_TO_32_BIT_CONVERSION = YES;
				GCC_WARN_ABOUT_RETURN_TYPE = YES_ERROR;
				GCC_WARN_UNDECLARED_SELECTOR = YES;
				GCC_WARN_UNINITIALIZED_AUTOS = YES_AGGRESSIVE;
				GCC_WARN_UNUSED_FUNCTION = YES;
				GCC_WARN_UNUSED_VARIABLE = YES;
				IPHONEOS_DEPLOYMENT_TARGET = 8.0;
				MTL_ENABLE_DEBUG_INFO = YES;
				ONLY_ACTIVE_ARCH = YES;
				SDKROOT = iphoneos;
				SWIFT_OPTIMIZATION_LEVEL = "-Onone";
			};
			name = Development;
		};
		5E3A98621AA7425C00CE2F20 /* Development */ = {
			isa = XCBuildConfiguration;
			baseConfigurationReference = 5E3A98511AA741FA00CE2F20 /* Development.xcconfig */;
			buildSettings = {
				ASSETCATALOG_COMPILER_APPICON_NAME = AppIcon;
				CLANG_ENABLE_MODULES = YES;
				CODE_SIGN_IDENTITY = "iPhone Developer";
				CODE_SIGN_RESOURCE_RULES_PATH = "$(SDKROOT)/ResourceRules.plist";
				DEFINES_MODULE = NO;
				FRAMEWORK_SEARCH_PATHS = "$(inherited)";
				INFOPLIST_FILE = "Supporting Files/Inbbbox-Info.plist";
				IPHONEOS_DEPLOYMENT_TARGET = 8.0;
				LD_RUNPATH_SEARCH_PATHS = "$(inherited) @executable_path/Frameworks";
				PRODUCT_BUNDLE_IDENTIFIER = co.netguru.inbbbox;
				PRODUCT_NAME = Inbbbox;
				SWIFT_OBJC_BRIDGING_HEADER = "Supporting Files/Inbbbox-Bridging-Header.h";
				SWIFT_OPTIMIZATION_LEVEL = "-Onone";
				TARGETED_DEVICE_FAMILY = 1;
			};
			name = Development;
		};
		5E3A98631AA7425C00CE2F20 /* Development */ = {
			isa = XCBuildConfiguration;
			baseConfigurationReference = 5E3A98551AA741FA00CE2F20 /* Tests-Development.xcconfig */;
			buildSettings = {
				BUNDLE_LOADER = "$(TEST_HOST)";
				CLANG_ENABLE_MODULES = YES;
				CODE_SIGN_RESOURCE_RULES_PATH = "";
				DEFINES_MODULE = NO;
				FRAMEWORK_SEARCH_PATHS = "$(inherited)";
				GCC_PREPROCESSOR_DEFINITIONS = (
					"DEBUG=1",
					"$(inherited)",
				);
				INFOPLIST_FILE = "Supporting Files/Unit-Tests-Info.plist";
				LD_RUNPATH_SEARCH_PATHS = "$(inherited) @executable_path/Frameworks @loader_path/Frameworks";
				PRODUCT_BUNDLE_IDENTIFIER = co.netguru.inbbbox.tests.unit;
				PRODUCT_NAME = "$(TARGET_NAME)";
				SWIFT_OBJC_BRIDGING_HEADER = "Supporting Files/Unit-Tests-Bridging-Header.h";
				SWIFT_OPTIMIZATION_LEVEL = "-Onone";
				TEST_HOST = "$(BUILT_PRODUCTS_DIR)/Inbbbox.app/Inbbbox";
			};
			name = Development;
		};
		5E3A98651AA7426800CE2F20 /* Production */ = {
			isa = XCBuildConfiguration;
			buildSettings = {
				ALWAYS_SEARCH_USER_PATHS = NO;
				CLANG_CXX_LANGUAGE_STANDARD = "gnu++0x";
				CLANG_CXX_LIBRARY = "libc++";
				CLANG_ENABLE_MODULES = YES;
				CLANG_ENABLE_OBJC_ARC = YES;
				CLANG_WARN_BOOL_CONVERSION = YES;
				CLANG_WARN_CONSTANT_CONVERSION = YES;
				CLANG_WARN_DIRECT_OBJC_ISA_USAGE = YES_ERROR;
				CLANG_WARN_EMPTY_BODY = YES;
				CLANG_WARN_ENUM_CONVERSION = YES;
				CLANG_WARN_INT_CONVERSION = YES;
				CLANG_WARN_OBJC_ROOT_CLASS = YES_ERROR;
				CLANG_WARN_UNREACHABLE_CODE = YES;
				CLANG_WARN__DUPLICATE_METHOD_MATCH = YES;
				CODE_SIGN_IDENTITY = "iPhone Distribution";
				"CODE_SIGN_IDENTITY[sdk=iphoneos*]" = "iPhone Distribution";
				COPY_PHASE_STRIP = YES;
				ENABLE_NS_ASSERTIONS = NO;
				ENABLE_STRICT_OBJC_MSGSEND = YES;
				GCC_C_LANGUAGE_STANDARD = gnu99;
				GCC_WARN_64_TO_32_BIT_CONVERSION = YES;
				GCC_WARN_ABOUT_RETURN_TYPE = YES_ERROR;
				GCC_WARN_UNDECLARED_SELECTOR = YES;
				GCC_WARN_UNINITIALIZED_AUTOS = YES_AGGRESSIVE;
				GCC_WARN_UNUSED_FUNCTION = YES;
				GCC_WARN_UNUSED_VARIABLE = YES;
				IPHONEOS_DEPLOYMENT_TARGET = 8.0;
				MTL_ENABLE_DEBUG_INFO = NO;
				SDKROOT = iphoneos;
				VALIDATE_PRODUCT = YES;
			};
			name = Production;
		};
		5E3A98661AA7426800CE2F20 /* Production */ = {
			isa = XCBuildConfiguration;
			baseConfigurationReference = 5E3A98521AA741FA00CE2F20 /* Production.xcconfig */;
			buildSettings = {
				ASSETCATALOG_COMPILER_APPICON_NAME = AppIcon;
				CLANG_ENABLE_MODULES = YES;
				CODE_SIGN_IDENTITY = "iPhone Developer";
				CODE_SIGN_RESOURCE_RULES_PATH = "$(SDKROOT)/ResourceRules.plist";
				DEFINES_MODULE = NO;
				FRAMEWORK_SEARCH_PATHS = "$(inherited)";
				INFOPLIST_FILE = "Supporting Files/Inbbbox-Info.plist";
				IPHONEOS_DEPLOYMENT_TARGET = 8.0;
				LD_RUNPATH_SEARCH_PATHS = "$(inherited) @executable_path/Frameworks";
				PRODUCT_BUNDLE_IDENTIFIER = co.netguru.inbbbox;
				PRODUCT_NAME = Inbbbox;
				SWIFT_OBJC_BRIDGING_HEADER = "Supporting Files/Inbbbox-Bridging-Header.h";
				TARGETED_DEVICE_FAMILY = 1;
			};
			name = Production;
		};
		5E3A98671AA7426800CE2F20 /* Production */ = {
			isa = XCBuildConfiguration;
			baseConfigurationReference = 5E3A98561AA741FA00CE2F20 /* Tests-Production.xcconfig */;
			buildSettings = {
				BUNDLE_LOADER = "$(TEST_HOST)";
				CLANG_ENABLE_MODULES = YES;
				CODE_SIGN_RESOURCE_RULES_PATH = "";
				DEFINES_MODULE = NO;
				FRAMEWORK_SEARCH_PATHS = "$(inherited)";
				INFOPLIST_FILE = "Supporting Files/Unit-Tests-Info.plist";
				LD_RUNPATH_SEARCH_PATHS = "$(inherited) @executable_path/Frameworks @loader_path/Frameworks";
				PRODUCT_BUNDLE_IDENTIFIER = co.netguru.inbbbox.tests.unit;
				PRODUCT_NAME = "$(TARGET_NAME)";
				SWIFT_OBJC_BRIDGING_HEADER = "Supporting Files/Unit-Tests-Bridging-Header.h";
				TEST_HOST = "$(BUILT_PRODUCTS_DIR)/Inbbbox.app/Inbbbox";
			};
			name = Production;
		};
/* End XCBuildConfiguration section */

/* Begin XCConfigurationList section */
		5E3A97E31AA72F0A00CE2F20 /* Build configuration list for PBXProject "Inbbbox" */ = {
			isa = XCConfigurationList;
			buildConfigurations = (
				5E3A98051AA72F0A00CE2F20 /* Test */,
				5E3A98611AA7425C00CE2F20 /* Development */,
				5E3A98061AA72F0A00CE2F20 /* Staging */,
				5E3A98651AA7426800CE2F20 /* Production */,
			);
			defaultConfigurationIsVisible = 0;
			defaultConfigurationName = Staging;
		};
		5E3A98071AA72F0A00CE2F20 /* Build configuration list for PBXNativeTarget "Inbbbox" */ = {
			isa = XCConfigurationList;
			buildConfigurations = (
				5E3A98081AA72F0A00CE2F20 /* Test */,
				5E3A98621AA7425C00CE2F20 /* Development */,
				5E3A98091AA72F0A00CE2F20 /* Staging */,
				5E3A98661AA7426800CE2F20 /* Production */,
			);
			defaultConfigurationIsVisible = 0;
			defaultConfigurationName = Staging;
		};
		5E3A983E1AA73A6600CE2F20 /* Build configuration list for PBXNativeTarget "Unit Tests" */ = {
			isa = XCConfigurationList;
			buildConfigurations = (
				5E3A983F1AA73A6600CE2F20 /* Test */,
				5E3A98631AA7425C00CE2F20 /* Development */,
				5E3A98401AA73A6600CE2F20 /* Staging */,
				5E3A98671AA7426800CE2F20 /* Production */,
			);
			defaultConfigurationIsVisible = 0;
			defaultConfigurationName = Staging;
		};
/* End XCConfigurationList section */
	};
	rootObject = 5E3A97E01AA72F0A00CE2F20 /* Project object */;
}
